{
  "name": "zhibankoudai",
  "lockfileVersion": 3,
  "requires": true,
  "packages": {
    "": {
      "devDependencies": {
        "skills": "^1.4.9"
      }
    },
    "node_modules/skills": {
      "version": "1.4.9",
      "resolved": "https://registry.npmjs.org/skills/-/skills-1.4.9.tgz",
      "integrity": "sha512-BTh7kfSkGPirsLgvg5vvALjDlgNImm9HRn937yAfESFzmShQEZWWTYJQbN34qjlwxOBO7Me4E9Lh6Ot5AE29zA==",
      "dev": true,
      "license": "MIT",
      "dependencies": {
        "yaml": "^2.8.3"
      },
      "bin": {
        "add-skill": "bin/cli.mjs",
        "skills": "bin/cli.mjs"
      },
      "engines": {
        "node": ">=18"
      }
    },
    "node_modules/yaml": {
      "version": "2.8.3",
      "resolved": "https://registry.npmjs.org/yaml/-/yaml-2.8.3.tgz",
      "integrity": "sha512-AvbaCLOO2Otw/lW5bmh9d/WEdcDFdQp2Z2ZUH3pX9U2ihyUY0nvLv7J6TrWowklRGPYbB/IuIMfYgxaCPg5Bpg==",
      "dev": true,
      "license": "ISC",
      "bin": {
        "yaml": "bin.mjs"
      },
      "engines": {
        "node": ">= 14.6"
      },
      "funding": {
        "url": "https://github.com/sponsors/eemeli"
      }
    }
  }
}
